{
  "name": "playwrightplayer",
  "version": "1.0.0",
  "lockfileVersion": 3,
  "requires": true,
  "packages": {
    "": {
      "name": "playwrightplayer",
      "version": "1.0.0",
      "license": "ISC",
      "dependencies": {
        "@faker-js/faker": "^8.4.1",
        "@playwright/test": "^1.41.1",
        "allure-commandline": "^2.30.0",
        "allure-playwright": "^3.0.0-beta.10",
        "typescript": "^4.9.5"
      },
      "devDependencies": {
        "@types/node": "^22.4.1"
      }
    },
    "node_modules/@faker-js/faker": {
      "version": "8.4.1",
      "resolved": "https://registry.npmjs.org/@faker-js/faker/-/faker-8.4.1.tgz",
      "integrity": "sha512-XQ3cU+Q8Uqmrbf2e0cIC/QN43sTBSC8KF12u29Mb47tWrt2hAgBXSgpZMj4Ao8Uk0iJcU99QsOCaIL8934obCg==",
      "funding": [
        {
          "type": "opencollective",
          "url": "https://opencollective.com/fakerjs"
        }
      ],
      "license": "MIT",
      "engines": {
        "node": "^14.17.0 || ^16.13.0 || >=18.0.0",
        "npm": ">=6.14.13"
      }
    },
    "node_modules/@playwright/test": {
      "version": "1.41.2",
      "resolved": "https://registry.npmjs.org/@playwright/test/-/test-1.41.2.tgz",
      "integrity": "sha512-qQB9h7KbibJzrDpkXkYvsmiDJK14FULCCZgEcoe2AvFAS64oCirWTwzTlAYEbKaRxWs5TFesE1Na6izMv3HfGg==",
      "dependencies": {
        "playwright": "1.41.2"
      },
      "bin": {
        "playwright": "cli.js"
      },
      "engines": {
        "node": ">=16"
      }
    },
    "node_modules/@types/node": {
      "version": "22.4.1",
      "resolved": "https://registry.npmjs.org/@types/node/-/node-22.4.1.tgz",
      "integrity": "sha512-1tbpb9325+gPnKK0dMm+/LMriX0vKxf6RnB0SZUqfyVkQ4fMgUSySqhxE/y8Jvs4NyF1yHzTfG9KlnkIODxPKg==",
      "dev": true,
      "license": "MIT",
      "dependencies": {
        "undici-types": "~6.19.2"
      }
    },
    "node_modules/allure-commandline": {
      "version": "2.30.0",
      "resolved": "https://registry.npmjs.org/allure-commandline/-/allure-commandline-2.30.0.tgz",
      "integrity": "sha512-qSaGG/I8P38q8gufnxvEog+IrIeCick+PJxxoTp5Vh/L8kviymIfv3A7fvYWziOqZ/oDywyOuNFMEfPZiiKwAA==",
      "license": "Apache-2.0",
      "bin": {
        "allure": "bin/allure"
      }
    },
    "node_modules/allure-js-commons": {
      "version": "3.0.0-beta.10",
      "resolved": "https://registry.npmjs.org/allure-js-commons/-/allure-js-commons-3.0.0-beta.10.tgz",
      "integrity": "sha512-LCfhDYjc6zQkbQYbFNmgVnwBO/izHaamJr1GImWgD4hdstoSPWbrzeUSjbD22ZZaSkxbhkW89/1Ljlgm/yO3Zg==",
      "license": "Apache-2.0",
      "dependencies": {
        "md5": "^2.3.0",
        "properties": "^1.2.1"
      },
      "peerDependencies": {
        "allure-playwright": "3.0.0-beta.10"
      },
      "peerDependenciesMeta": {
        "allure-playwright": {
          "optional": true
        }
      }
    },
    "node_modules/allure-playwright": {
      "version": "3.0.0-beta.10",
      "resolved": "https://registry.npmjs.org/allure-playwright/-/allure-playwright-3.0.0-beta.10.tgz",
      "integrity": "sha512-KhoVeAW8/Vo+w5DKDtWDvF08aWyTEryf5WpzeqzufANT2mz2DzM4EBQUoGcSpvXMtJO2TysOweQBt6/pM9m0xQ==",
      "license": "Apache-2.0",
      "dependencies": {
        "allure-js-commons": "3.0.0-beta.10"
      },
      "peerDependencies": {
        "@playwright/test": ">=1.36.0"
      }
    },
    "node_modules/charenc": {
      "version": "0.0.2",
      "resolved": "https://registry.npmjs.org/charenc/-/charenc-0.0.2.tgz",
      "integrity": "sha512-yrLQ/yVUFXkzg7EDQsPieE/53+0RlaWTs+wBrvW36cyilJ2SaDWfl4Yj7MtLTXleV9uEKefbAGUPv2/iWSooRA==",
      "license": "BSD-3-Clause",
      "engines": {
        "node": "*"
      }
    },
    "node_modules/crypt": {
      "version": "0.0.2",
      "resolved": "https://registry.npmjs.org/crypt/-/crypt-0.0.2.tgz",
      "integrity": "sha512-mCxBlsHFYh9C+HVpiEacem8FEBnMXgU9gy4zmNC+SXAZNB/1idgp/aulFJ4FgCi7GPEVbfyng092GqL2k2rmow==",
      "license": "BSD-3-Clause",
      "engines": {
        "node": "*"
      }
    },
    "node_modules/fsevents": {
      "version": "2.3.2",
      "resolved": "https://registry.npmjs.org/fsevents/-/fsevents-2.3.2.tgz",
      "integrity": "sha512-xiqMQR4xAeHTuB9uWm+fFRcIOgKBMiOBP+eXiyT7jsgVCq1bkVygt00oASowB7EdtpOHaaPgKt812P9ab+DDKA==",
      "hasInstallScript": true,
      "optional": true,
      "os": [
        "darwin"
      ],
      "engines": {
        "node": "^8.16.0 || ^10.6.0 || >=11.0.0"
      }
    },
    "node_modules/is-buffer": {
      "version": "1.1.6",
      "resolved": "https://registry.npmjs.org/is-buffer/-/is-buffer-1.1.6.tgz",
      "integrity": "sha512-NcdALwpXkTm5Zvvbk7owOUSvVvBKDgKP5/ewfXEznmQFfs4ZRmanOeKBTjRVjka3QFoN6XJ+9F3USqfHqTaU5w==",
      "license": "MIT"
    },
    "node_modules/md5": {
      "version": "2.3.0",
      "resolved": "https://registry.npmjs.org/md5/-/md5-2.3.0.tgz",
      "integrity": "sha512-T1GITYmFaKuO91vxyoQMFETst+O71VUPEU3ze5GNzDm0OWdP8v1ziTaAEPUr/3kLsY3Sftgz242A1SetQiDL7g==",
      "license": "BSD-3-Clause",
      "dependencies": {
        "charenc": "0.0.2",
        "crypt": "0.0.2",
        "is-buffer": "~1.1.6"
      }
    },
    "node_modules/playwright": {
      "version": "1.41.2",
      "resolved": "https://registry.npmjs.org/playwright/-/playwright-1.41.2.tgz",
      "integrity": "sha512-v0bOa6H2GJChDL8pAeLa/LZC4feoAMbSQm1/jF/ySsWWoaNItvrMP7GEkvEEFyCTUYKMxjQKaTSg5up7nR6/8A==",
      "dependencies": {
        "playwright-core": "1.41.2"
      },
      "bin": {
        "playwright": "cli.js"
      },
      "engines": {
        "node": ">=16"
      },
      "optionalDependencies": {
        "fsevents": "2.3.2"
      }
    },
    "node_modules/playwright-core": {
      "version": "1.41.2",
      "resolved": "https://registry.npmjs.org/playwright-core/-/playwright-core-1.41.2.tgz",
      "integrity": "sha512-VaTvwCA4Y8kxEe+kfm2+uUUw5Lubf38RxF7FpBxLPmGe5sdNkSg5e3ChEigaGrX7qdqT3pt2m/98LiyvU2x6CA==",
      "bin": {
        "playwright-core": "cli.js"
      },
      "engines": {
        "node": ">=16"
      }
    },
    "node_modules/properties": {
      "version": "1.2.1",
      "resolved": "https://registry.npmjs.org/properties/-/properties-1.2.1.tgz",
      "integrity": "sha512-qYNxyMj1JeW54i/EWEFsM1cVwxJbtgPp8+0Wg9XjNaK6VE/c4oRi6PNu5p7w1mNXEIQIjV5Wwn8v8Gz82/QzdQ==",
      "license": "MIT",
      "engines": {
        "node": ">=0.10"
      }
    },
    "node_modules/typescript": {
      "version": "4.9.5",
      "resolved": "https://registry.npmjs.org/typescript/-/typescript-4.9.5.tgz",
      "integrity": "sha512-1FXk9E2Hm+QzZQ7z+McJiHL4NW1F2EzMu9Nq9i3zAaGqibafqYwCVU6WyWAuyQRRzOlxou8xZSyXLEN8oKj24g==",
      "bin": {
        "tsc": "bin/tsc",
        "tsserver": "bin/tsserver"
      },
      "engines": {
        "node": ">=4.2.0"
      }
    },
    "node_modules/undici-types": {
      "version": "6.19.6",
      "resolved": "https://registry.npmjs.org/undici-types/-/undici-types-6.19.6.tgz",
      "integrity": "sha512-e/vggGopEfTKSvj4ihnOLTsqhrKRN3LeO6qSN/GxohhuRv8qH9bNQ4B8W7e/vFL+0XTnmHPB4/kegunZGA4Org==",
      "dev": true,
      "license": "MIT"
    }
  }
}
